
Microsoft Visual Studio Solution File, Format Version 12.00
# Visual Studio 2015
Project("{FAE04EC0-301F-11D3-BF4B-00C04F79EFBC}") = "BubblePop.CSharp.Plugins", "BubblePop.CSharp.Plugins.csproj", "{01404878-481C-6CB5-9384-9B28B6326534}"
EndProject
Project("{FAE04EC0-301F-11D3-BF4B-00C04F79EFBC}") = "BubblePop.CSharp", "BubblePop.CSharp.csproj", "{38F3207C-3E61-52AC-AE60-EA0A57ACD1BF}"
EndProject
Project("{FAE04EC0-301F-11D3-BF4B-00C04F79EFBC}") = "BubblePop.CSharp.Editor", "BubblePop.CSharp.Editor.csproj", "{50658333-7C07-9654-8CE3-44EDA72AEC7F}"
EndProject
Global
	GlobalSection(SolutionConfigurationPlatforms) = preSolution
		Debug|Any CPU = Debug|Any CPU
		Release|Any CPU = Release|Any CPU
	EndGlobalSection
	GlobalSection(ProjectConfigurationPlatforms) = postSolution
		{01404878-481C-6CB5-9384-9B28B6326534}.Debug|Any CPU.ActiveCfg = Debug|Any CPU
		{01404878-481C-6CB5-9384-9B28B6326534}.Debug|Any CPU.Build.0 = Debug|Any CPU
		{01404878-481C-6CB5-9384-9B28B6326534}.Release|Any CPU.ActiveCfg = Release|Any CPU
		{01404878-481C-6CB5-9384-9B28B6326534}.Release|Any CPU.Build.0 = Release|Any CPU
		{38F3207C-3E61-52AC-AE60-EA0A57ACD1BF}.Debug|Any CPU.ActiveCfg = Debug|Any CPU
		{38F3207C-3E61-52AC-AE60-EA0A57ACD1BF}.Debug|Any CPU.Build.0 = Debug|Any CPU
		{38F3207C-3E61-52AC-AE60-EA0A57ACD1BF}.Release|Any CPU.ActiveCfg = Release|Any CPU
		{38F3207C-3E61-52AC-AE60-EA0A57ACD1BF}.Release|Any CPU.Build.0 = Release|Any CPU
		{50658333-7C07-9654-8CE3-44EDA72AEC7F}.Debug|Any CPU.ActiveCfg = Debug|Any CPU
		{50658333-7C07-9654-8CE3-44EDA72AEC7F}.Debug|Any CPU.Build.0 = Debug|Any CPU
		{50658333-7C07-9654-8CE3-44EDA72AEC7F}.Release|Any CPU.ActiveCfg = Release|Any CPU
		{50658333-7C07-9654-8CE3-44EDA72AEC7F}.Release|Any CPU.Build.0 = Release|Any CPU
	EndGlobalSection
	GlobalSection(SolutionProperties) = preSolution
		HideSolutionNode = FALSE
	EndGlobalSection
EndGlobal
