
Microsoft Visual Studio Solution File, Format Version 12.00
# Visual Studio 2015
Project("{FAE04EC0-301F-11D3-BF4B-00C04F79EFBC}") = "CognitiveVRUnity", "CognitiveVRUnity.csproj", "{E043B98E-288A-0092-5749-5C5064408108}"
EndProject
Project("{FAE04EC0-301F-11D3-BF4B-00C04F79EFBC}") = "CognitiveVRUnity.Editor", "CognitiveVRUnity.Editor.csproj", "{BB53722F-01F9-3C6B-81D9-FA272E5EF695}"
EndProject
Project("{FAE04EC0-301F-11D3-BF4B-00C04F79EFBC}") = "UnityPlugin", "UnityPlugin\UnityPlugin.csproj", "{E31E7A75-CCB8-4FEE-B198-E0660E9411EF}"
EndProject
Global
	GlobalSection(SolutionConfigurationPlatforms) = preSolution
		Debug|Any CPU = Debug|Any CPU
		Release|Any CPU = Release|Any CPU
	EndGlobalSection
	GlobalSection(ProjectConfigurationPlatforms) = postSolution
		{E043B98E-288A-0092-5749-5C5064408108}.Debug|Any CPU.ActiveCfg = Debug|Any CPU
		{E043B98E-288A-0092-5749-5C5064408108}.Debug|Any CPU.Build.0 = Debug|Any CPU
		{E043B98E-288A-0092-5749-5C5064408108}.Release|Any CPU.ActiveCfg = Release|Any CPU
		{E043B98E-288A-0092-5749-5C5064408108}.Release|Any CPU.Build.0 = Release|Any CPU
		{BB53722F-01F9-3C6B-81D9-FA272E5EF695}.Debug|Any CPU.ActiveCfg = Debug|Any CPU
		{BB53722F-01F9-3C6B-81D9-FA272E5EF695}.Debug|Any CPU.Build.0 = Debug|Any CPU
		{BB53722F-01F9-3C6B-81D9-FA272E5EF695}.Release|Any CPU.ActiveCfg = Release|Any CPU
		{BB53722F-01F9-3C6B-81D9-FA272E5EF695}.Release|Any CPU.Build.0 = Release|Any CPU
		{E31E7A75-CCB8-4FEE-B198-E0660E9411EF}.Debug|Any CPU.ActiveCfg = Debug|Any CPU
		{E31E7A75-CCB8-4FEE-B198-E0660E9411EF}.Debug|Any CPU.Build.0 = Debug|Any CPU
		{E31E7A75-CCB8-4FEE-B198-E0660E9411EF}.Release|Any CPU.ActiveCfg = Release|Any CPU
		{E31E7A75-CCB8-4FEE-B198-E0660E9411EF}.Release|Any CPU.Build.0 = Release|Any CPU
	EndGlobalSection
	GlobalSection(SolutionProperties) = preSolution
		HideSolutionNode = FALSE
	EndGlobalSection
EndGlobal
